
Microsoft Visual Studio Solution File, Format Version 12.00
# Visual Studio 2012
Project("{FAE04EC0-301F-11D3-BF4B-00C04F79EFBC}") = "proj13-5", "proj13-5\proj13-5.csproj", "{FB39F628-39DB-4F95-900D-34829B7F8802}"
EndProject
Global
	GlobalSection(SolutionConfigurationPlatforms) = preSolution
		Debug|Any CPU = Debug|Any CPU
		Release|Any CPU = Release|Any CPU
	EndGlobalSection
	GlobalSection(ProjectConfigurationPlatforms) = postSolution
		{FB39F628-39DB-4F95-900D-34829B7F8802}.Debug|Any CPU.ActiveCfg = Debug|Any CPU
		{FB39F628-39DB-4F95-900D-34829B7F8802}.Debug|Any CPU.Build.0 = Debug|Any CPU
		{FB39F628-39DB-4F95-900D-34829B7F8802}.Release|Any CPU.ActiveCfg = Release|Any CPU
		{FB39F628-39DB-4F95-900D-34829B7F8802}.Release|Any CPU.Build.0 = Release|Any CPU
	EndGlobalSection
	GlobalSection(SolutionProperties) = preSolution
		HideSolutionNode = FALSE
	EndGlobalSection
EndGlobal
