
Microsoft Visual Studio Solution File, Format Version 12.00
# Visual Studio 2012
Project("{FAE04EC0-301F-11D3-BF4B-00C04F79EFBC}") = "proj8-4", "proj8-4\proj8-4.csproj", "{A75F42B0-6C7C-43E8-B29D-1983F8ED73E4}"
EndProject
Global
	GlobalSection(SolutionConfigurationPlatforms) = preSolution
		Debug|Any CPU = Debug|Any CPU
		Release|Any CPU = Release|Any CPU
	EndGlobalSection
	GlobalSection(ProjectConfigurationPlatforms) = postSolution
		{A75F42B0-6C7C-43E8-B29D-1983F8ED73E4}.Debug|Any CPU.ActiveCfg = Debug|Any CPU
		{A75F42B0-6C7C-43E8-B29D-1983F8ED73E4}.Debug|Any CPU.Build.0 = Debug|Any CPU
		{A75F42B0-6C7C-43E8-B29D-1983F8ED73E4}.Release|Any CPU.ActiveCfg = Release|Any CPU
		{A75F42B0-6C7C-43E8-B29D-1983F8ED73E4}.Release|Any CPU.Build.0 = Release|Any CPU
	EndGlobalSection
	GlobalSection(SolutionProperties) = preSolution
		HideSolutionNode = FALSE
	EndGlobalSection
EndGlobal
