
Microsoft Visual Studio Solution File, Format Version 12.00
# Visual Studio 2012
Project("{FAE04EC0-301F-11D3-BF4B-00C04F79EFBC}") = "proj9-1", "proj9-1\proj9-1.csproj", "{1EB07F92-DDD7-4420-AF43-159D555CC179}"
EndProject
Global
	GlobalSection(SolutionConfigurationPlatforms) = preSolution
		Debug|Any CPU = Debug|Any CPU
		Release|Any CPU = Release|Any CPU
	EndGlobalSection
	GlobalSection(ProjectConfigurationPlatforms) = postSolution
		{1EB07F92-DDD7-4420-AF43-159D555CC179}.Debug|Any CPU.ActiveCfg = Debug|Any CPU
		{1EB07F92-DDD7-4420-AF43-159D555CC179}.Debug|Any CPU.Build.0 = Debug|Any CPU
		{1EB07F92-DDD7-4420-AF43-159D555CC179}.Release|Any CPU.ActiveCfg = Release|Any CPU
		{1EB07F92-DDD7-4420-AF43-159D555CC179}.Release|Any CPU.Build.0 = Release|Any CPU
	EndGlobalSection
	GlobalSection(SolutionProperties) = preSolution
		HideSolutionNode = FALSE
	EndGlobalSection
EndGlobal
