
Microsoft Visual Studio Solution File, Format Version 12.00
# Visual Studio 2012
Project("{FAE04EC0-301F-11D3-BF4B-00C04F79EFBC}") = "proj7-1", "proj7-1\proj7-1.csproj", "{75C30C9A-311C-4124-AF5A-42CA9D747946}"
EndProject
Global
	GlobalSection(SolutionConfigurationPlatforms) = preSolution
		Debug|Any CPU = Debug|Any CPU
		Release|Any CPU = Release|Any CPU
	EndGlobalSection
	GlobalSection(ProjectConfigurationPlatforms) = postSolution
		{75C30C9A-311C-4124-AF5A-42CA9D747946}.Debug|Any CPU.ActiveCfg = Debug|Any CPU
		{75C30C9A-311C-4124-AF5A-42CA9D747946}.Debug|Any CPU.Build.0 = Debug|Any CPU
		{75C30C9A-311C-4124-AF5A-42CA9D747946}.Release|Any CPU.ActiveCfg = Release|Any CPU
		{75C30C9A-311C-4124-AF5A-42CA9D747946}.Release|Any CPU.Build.0 = Release|Any CPU
	EndGlobalSection
	GlobalSection(SolutionProperties) = preSolution
		HideSolutionNode = FALSE
	EndGlobalSection
EndGlobal
