
Microsoft Visual Studio Solution File, Format Version 12.00
# Visual Studio Version 16
VisualStudioVersion = 16.0.31105.61
MinimumVisualStudioVersion = 10.0.40219.1
Project("{9A19103F-16F7-4668-BE54-9A1E7A4F7556}") = "Exercise2_1", "Exercise2_1\Exercise2_1.csproj", "{3C12A106-DEDF-46B9-B49F-8185E60B1C92}"
EndProject
Project("{9A19103F-16F7-4668-BE54-9A1E7A4F7556}") = "Exercise2_2", "Exercise2_2\Exercise2_2.csproj", "{21674E7E-EBE6-4EC3-BEFF-7CA8F7D84A8F}"
EndProject
Project("{9A19103F-16F7-4668-BE54-9A1E7A4F7556}") = "Exercise3_1", "Exercise3_1\Exercise3_1.csproj", "{9C36E883-5BFB-4E07-9370-243DD07F7A67}"
EndProject
Project("{9A19103F-16F7-4668-BE54-9A1E7A4F7556}") = "Exercise3_2", "Exercise3_2\Exercise3_2.csproj", "{DD7A8F9E-C32E-406B-A0CF-D7B0736F9427}"
EndProject
Project("{9A19103F-16F7-4668-BE54-9A1E7A4F7556}") = "Exercise3_3", "Exercise3_3\Exercise3_3.csproj", "{4BE6B2C1-913B-482C-AB59-CFBA32C9907F}"
EndProject
Project("{9A19103F-16F7-4668-BE54-9A1E7A4F7556}") = "Exercise3_4", "Exercise3_4\Exercise3_4.csproj", "{1B303F70-3006-42B8-AF64-06DEA9F00E62}"
EndProject
Project("{9A19103F-16F7-4668-BE54-9A1E7A4F7556}") = "Exercise4_1", "Exercise4_1\Exercise4_1.csproj", "{5CE6D9B8-8E87-472D-B5A4-A8BC1896440D}"
EndProject
Project("{9A19103F-16F7-4668-BE54-9A1E7A4F7556}") = "Exercise4_2", "Exercise4_2\Exercise4_2.csproj", "{7562A2C1-6EA9-4023-9DEE-ED1D07D97101}"
EndProject
Project("{9A19103F-16F7-4668-BE54-9A1E7A4F7556}") = "Exercise5_1", "Exercise5_1\Exercise5_1.csproj", "{BAE5A4F1-83B8-4D1C-8A4A-637809BB6A77}"
EndProject
Project("{9A19103F-16F7-4668-BE54-9A1E7A4F7556}") = "Exercise5_2", "Exercise5_2\Exercise5_2.csproj", "{D96ECC0B-D0E1-441F-A267-E919F7506A0F}"
EndProject
Project("{9A19103F-16F7-4668-BE54-9A1E7A4F7556}") = "Exercise5_3", "Exercise5_3\Exercise5_3.csproj", "{202177E7-D210-4BA2-9F36-98F3A80ADA54}"
EndProject
Project("{9A19103F-16F7-4668-BE54-9A1E7A4F7556}") = "Exercise5_4", "Exercise5_4\Exercise5_4.csproj", "{5282449D-7FED-4864-B0D8-129445958A64}"
EndProject
Project("{9A19103F-16F7-4668-BE54-9A1E7A4F7556}") = "Exercise6_1", "Exericise6_1\Exercise6_1.csproj", "{631090FB-67BF-46E6-AC73-5FF2191C1287}"
EndProject
Project("{9A19103F-16F7-4668-BE54-9A1E7A4F7556}") = "Exercise6_2", "Exericise6_2\Exercise6_2.csproj", "{0CAAAB11-B930-44D6-B1E8-0AB049723E4B}"
EndProject
Project("{9A19103F-16F7-4668-BE54-9A1E7A4F7556}") = "Exercise6_3", "Exercise6_3\Exercise6_3.csproj", "{C9ACA144-13F5-4503-949F-1FA68F5B4F84}"
EndProject
Project("{9A19103F-16F7-4668-BE54-9A1E7A4F7556}") = "Exercise6_4", "ConsoleApp1\Exercise6_4.csproj", "{3848E50B-D47F-4027-BA9C-6E4FB98E32B3}"
EndProject
Project("{9A19103F-16F7-4668-BE54-9A1E7A4F7556}") = "Exercise7_1", "Exericise7_1\Exercise7_1.csproj", "{FEB9E764-7B24-4F13-953C-20704E6DCA8C}"
EndProject
Project("{9A19103F-16F7-4668-BE54-9A1E7A4F7556}") = "Exercise7_2", "Exericise7_2\Exercise7_2.csproj", "{D9AAA891-EB19-4726-ADDD-49A36F7ACC0F}"
EndProject
Project("{9A19103F-16F7-4668-BE54-9A1E7A4F7556}") = "experment2", "experment2\experment2.csproj", "{5D4C05F1-F781-4EE6-A1A1-70E45C0E16FE}"
EndProject
Project("{9A19103F-16F7-4668-BE54-9A1E7A4F7556}") = "experment3", "experment3\experment3.csproj", "{B2D91D02-8D66-452D-832F-4A7E00CB00DC}"
EndProject
Project("{9A19103F-16F7-4668-BE54-9A1E7A4F7556}") = "experment4", "experment4\experment4.csproj", "{5DE2A040-6BD7-4EF5-8003-ECD32CF6BB93}"
EndProject
Project("{9A19103F-16F7-4668-BE54-9A1E7A4F7556}") = "experment5_1", "experment5_1\experment5_1.csproj", "{56B8B8BD-C776-48B9-AC69-FF9E4EBA85B7}"
EndProject
Project("{9A19103F-16F7-4668-BE54-9A1E7A4F7556}") = "experment5_2", "experment5_2\experment5_2.csproj", "{69EDC9B1-86B1-42E9-BEB1-A97542DB729F}"
EndProject
Project("{9A19103F-16F7-4668-BE54-9A1E7A4F7556}") = "experment6", "experment6\experment6.csproj", "{89B54248-9F1E-4FDB-9344-943FF07F3E09}"
EndProject
Project("{9A19103F-16F7-4668-BE54-9A1E7A4F7556}") = "experment7", "experment7\experment7.csproj", "{620DE08E-9501-4FC4-AB81-12060B3D6AEA}"
EndProject
Project("{9A19103F-16F7-4668-BE54-9A1E7A4F7556}") = "expermentWinForm11", "project11_2\expermentWinForm11.csproj", "{545417DD-62B7-49CC-8333-51E0955ED87F}"
EndProject
Project("{9A19103F-16F7-4668-BE54-9A1E7A4F7556}") = "expermentWinForm12", "project12\expermentWinForm12.csproj", "{3394FE40-922E-4F2D-AC44-726AF47C75A2}"
EndProject
Project("{9A19103F-16F7-4668-BE54-9A1E7A4F7556}") = "ExerciseWinForm11_1", "Exercise_winform_11_1\ExerciseWinForm11_1.csproj", "{9C0FEC75-5815-4F0D-BF2A-DE48DC05ECB0}"
EndProject
Project("{9A19103F-16F7-4668-BE54-9A1E7A4F7556}") = "ExerciseWinForm11_2", "ExerciseWinForm11_2\ExerciseWinForm11_2.csproj", "{61E00824-15AF-4022-AA7D-D2E8D658A173}"
EndProject
Project("{9A19103F-16F7-4668-BE54-9A1E7A4F7556}") = "ExerciseWinForm11_3", "ExerciseWinForm11_3\ExerciseWinForm11_3.csproj", "{7BE39F41-0766-4BC1-9E00-CA5BA196E22E}"
EndProject
Project("{9A19103F-16F7-4668-BE54-9A1E7A4F7556}") = "ExerciseWinForm11_4", "ExerciseWinForm11_4\ExerciseWinForm11_4.csproj", "{1E8B9FAE-8DE8-4C04-B628-18ECB2CDCADA}"
EndProject
Project("{9A19103F-16F7-4668-BE54-9A1E7A4F7556}") = "expermentWinForm15", "ExerciseWinForm11_5\expermentWinForm15.csproj", "{2F39C84A-AE83-4A33-B068-9A0F3A4DA70E}"
EndProject
Project("{9A19103F-16F7-4668-BE54-9A1E7A4F7556}") = "expermentWinForm16", "ExerciseWinForm11_6\expermentWinForm16.csproj", "{686E36BE-DE3A-45AB-9E78-64E3BD0C87C8}"
EndProject
Project("{9A19103F-16F7-4668-BE54-9A1E7A4F7556}") = "expermentWinForm17", "ExerciseWinForm17\expermentWinForm17.csproj", "{3AE92346-E3FB-4E10-AE69-461FC5AA023E}"
EndProject
Project("{9A19103F-16F7-4668-BE54-9A1E7A4F7556}") = "ExerciseWinForm12", "ExerciseWinForm12\ExerciseWinForm12.csproj", "{23F0C3CB-7335-46E4-A156-FB43DFB6C344}"
EndProject
Project("{FAE04EC0-301F-11D3-BF4B-00C04F79EFBC}") = "ExerciseWinForm15", "ExerciseWinForm15\ExerciseWinForm15.csproj", "{49B27BBC-E8B6-44B8-B900-B691F876B213}"
EndProject
Global
	GlobalSection(SolutionConfigurationPlatforms) = preSolution
		Debug|Any CPU = Debug|Any CPU
		Release|Any CPU = Release|Any CPU
	EndGlobalSection
	GlobalSection(ProjectConfigurationPlatforms) = postSolution
		{3C12A106-DEDF-46B9-B49F-8185E60B1C92}.Debug|Any CPU.ActiveCfg = Debug|Any CPU
		{3C12A106-DEDF-46B9-B49F-8185E60B1C92}.Debug|Any CPU.Build.0 = Debug|Any CPU
		{3C12A106-DEDF-46B9-B49F-8185E60B1C92}.Release|Any CPU.ActiveCfg = Release|Any CPU
		{3C12A106-DEDF-46B9-B49F-8185E60B1C92}.Release|Any CPU.Build.0 = Release|Any CPU
		{21674E7E-EBE6-4EC3-BEFF-7CA8F7D84A8F}.Debug|Any CPU.ActiveCfg = Debug|Any CPU
		{21674E7E-EBE6-4EC3-BEFF-7CA8F7D84A8F}.Debug|Any CPU.Build.0 = Debug|Any CPU
		{21674E7E-EBE6-4EC3-BEFF-7CA8F7D84A8F}.Release|Any CPU.ActiveCfg = Release|Any CPU
		{21674E7E-EBE6-4EC3-BEFF-7CA8F7D84A8F}.Release|Any CPU.Build.0 = Release|Any CPU
		{9C36E883-5BFB-4E07-9370-243DD07F7A67}.Debug|Any CPU.ActiveCfg = Debug|Any CPU
		{9C36E883-5BFB-4E07-9370-243DD07F7A67}.Debug|Any CPU.Build.0 = Debug|Any CPU
		{9C36E883-5BFB-4E07-9370-243DD07F7A67}.Release|Any CPU.ActiveCfg = Release|Any CPU
		{9C36E883-5BFB-4E07-9370-243DD07F7A67}.Release|Any CPU.Build.0 = Release|Any CPU
		{DD7A8F9E-C32E-406B-A0CF-D7B0736F9427}.Debug|Any CPU.ActiveCfg = Debug|Any CPU
		{DD7A8F9E-C32E-406B-A0CF-D7B0736F9427}.Debug|Any CPU.Build.0 = Debug|Any CPU
		{DD7A8F9E-C32E-406B-A0CF-D7B0736F9427}.Release|Any CPU.ActiveCfg = Release|Any CPU
		{DD7A8F9E-C32E-406B-A0CF-D7B0736F9427}.Release|Any CPU.Build.0 = Release|Any CPU
		{4BE6B2C1-913B-482C-AB59-CFBA32C9907F}.Debug|Any CPU.ActiveCfg = Debug|Any CPU
		{4BE6B2C1-913B-482C-AB59-CFBA32C9907F}.Debug|Any CPU.Build.0 = Debug|Any CPU
		{4BE6B2C1-913B-482C-AB59-CFBA32C9907F}.Release|Any CPU.ActiveCfg = Release|Any CPU
		{4BE6B2C1-913B-482C-AB59-CFBA32C9907F}.Release|Any CPU.Build.0 = Release|Any CPU
		{1B303F70-3006-42B8-AF64-06DEA9F00E62}.Debug|Any CPU.ActiveCfg = Debug|Any CPU
		{1B303F70-3006-42B8-AF64-06DEA9F00E62}.Debug|Any CPU.Build.0 = Debug|Any CPU
		{1B303F70-3006-42B8-AF64-06DEA9F00E62}.Release|Any CPU.ActiveCfg = Release|Any CPU
		{1B303F70-3006-42B8-AF64-06DEA9F00E62}.Release|Any CPU.Build.0 = Release|Any CPU
		{5CE6D9B8-8E87-472D-B5A4-A8BC1896440D}.Debug|Any CPU.ActiveCfg = Debug|Any CPU
		{5CE6D9B8-8E87-472D-B5A4-A8BC1896440D}.Debug|Any CPU.Build.0 = Debug|Any CPU
		{5CE6D9B8-8E87-472D-B5A4-A8BC1896440D}.Release|Any CPU.ActiveCfg = Release|Any CPU
		{5CE6D9B8-8E87-472D-B5A4-A8BC1896440D}.Release|Any CPU.Build.0 = Release|Any CPU
		{7562A2C1-6EA9-4023-9DEE-ED1D07D97101}.Debug|Any CPU.ActiveCfg = Debug|Any CPU
		{7562A2C1-6EA9-4023-9DEE-ED1D07D97101}.Debug|Any CPU.Build.0 = Debug|Any CPU
		{7562A2C1-6EA9-4023-9DEE-ED1D07D97101}.Release|Any CPU.ActiveCfg = Release|Any CPU
		{7562A2C1-6EA9-4023-9DEE-ED1D07D97101}.Release|Any CPU.Build.0 = Release|Any CPU
		{BAE5A4F1-83B8-4D1C-8A4A-637809BB6A77}.Debug|Any CPU.ActiveCfg = Debug|Any CPU
		{BAE5A4F1-83B8-4D1C-8A4A-637809BB6A77}.Debug|Any CPU.Build.0 = Debug|Any CPU
		{BAE5A4F1-83B8-4D1C-8A4A-637809BB6A77}.Release|Any CPU.ActiveCfg = Release|Any CPU
		{BAE5A4F1-83B8-4D1C-8A4A-637809BB6A77}.Release|Any CPU.Build.0 = Release|Any CPU
		{D96ECC0B-D0E1-441F-A267-E919F7506A0F}.Debug|Any CPU.ActiveCfg = Debug|Any CPU
		{D96ECC0B-D0E1-441F-A267-E919F7506A0F}.Debug|Any CPU.Build.0 = Debug|Any CPU
		{D96ECC0B-D0E1-441F-A267-E919F7506A0F}.Release|Any CPU.ActiveCfg = Release|Any CPU
		{D96ECC0B-D0E1-441F-A267-E919F7506A0F}.Release|Any CPU.Build.0 = Release|Any CPU
		{202177E7-D210-4BA2-9F36-98F3A80ADA54}.Debug|Any CPU.ActiveCfg = Debug|Any CPU
		{202177E7-D210-4BA2-9F36-98F3A80ADA54}.Debug|Any CPU.Build.0 = Debug|Any CPU
		{202177E7-D210-4BA2-9F36-98F3A80ADA54}.Release|Any CPU.ActiveCfg = Release|Any CPU
		{202177E7-D210-4BA2-9F36-98F3A80ADA54}.Release|Any CPU.Build.0 = Release|Any CPU
		{5282449D-7FED-4864-B0D8-129445958A64}.Debug|Any CPU.ActiveCfg = Debug|Any CPU
		{5282449D-7FED-4864-B0D8-129445958A64}.Debug|Any CPU.Build.0 = Debug|Any CPU
		{5282449D-7FED-4864-B0D8-129445958A64}.Release|Any CPU.ActiveCfg = Release|Any CPU
		{5282449D-7FED-4864-B0D8-129445958A64}.Release|Any CPU.Build.0 = Release|Any CPU
		{631090FB-67BF-46E6-AC73-5FF2191C1287}.Debug|Any CPU.ActiveCfg = Debug|Any CPU
		{631090FB-67BF-46E6-AC73-5FF2191C1287}.Debug|Any CPU.Build.0 = Debug|Any CPU
		{631090FB-67BF-46E6-AC73-5FF2191C1287}.Release|Any CPU.ActiveCfg = Release|Any CPU
		{631090FB-67BF-46E6-AC73-5FF2191C1287}.Release|Any CPU.Build.0 = Release|Any CPU
		{0CAAAB11-B930-44D6-B1E8-0AB049723E4B}.Debug|Any CPU.ActiveCfg = Debug|Any CPU
		{0CAAAB11-B930-44D6-B1E8-0AB049723E4B}.Debug|Any CPU.Build.0 = Debug|Any CPU
		{0CAAAB11-B930-44D6-B1E8-0AB049723E4B}.Release|Any CPU.ActiveCfg = Release|Any CPU
		{0CAAAB11-B930-44D6-B1E8-0AB049723E4B}.Release|Any CPU.Build.0 = Release|Any CPU
		{C9ACA144-13F5-4503-949F-1FA68F5B4F84}.Debug|Any CPU.ActiveCfg = Debug|Any CPU
		{C9ACA144-13F5-4503-949F-1FA68F5B4F84}.Debug|Any CPU.Build.0 = Debug|Any CPU
		{C9ACA144-13F5-4503-949F-1FA68F5B4F84}.Release|Any CPU.ActiveCfg = Release|Any CPU
		{C9ACA144-13F5-4503-949F-1FA68F5B4F84}.Release|Any CPU.Build.0 = Release|Any CPU
		{3848E50B-D47F-4027-BA9C-6E4FB98E32B3}.Debug|Any CPU.ActiveCfg = Debug|Any CPU
		{3848E50B-D47F-4027-BA9C-6E4FB98E32B3}.Debug|Any CPU.Build.0 = Debug|Any CPU
		{3848E50B-D47F-4027-BA9C-6E4FB98E32B3}.Release|Any CPU.ActiveCfg = Release|Any CPU
		{3848E50B-D47F-4027-BA9C-6E4FB98E32B3}.Release|Any CPU.Build.0 = Release|Any CPU
		{FEB9E764-7B24-4F13-953C-20704E6DCA8C}.Debug|Any CPU.ActiveCfg = Debug|Any CPU
		{FEB9E764-7B24-4F13-953C-20704E6DCA8C}.Debug|Any CPU.Build.0 = Debug|Any CPU
		{FEB9E764-7B24-4F13-953C-20704E6DCA8C}.Release|Any CPU.ActiveCfg = Release|Any CPU
		{FEB9E764-7B24-4F13-953C-20704E6DCA8C}.Release|Any CPU.Build.0 = Release|Any CPU
		{D9AAA891-EB19-4726-ADDD-49A36F7ACC0F}.Debug|Any CPU.ActiveCfg = Debug|Any CPU
		{D9AAA891-EB19-4726-ADDD-49A36F7ACC0F}.Debug|Any CPU.Build.0 = Debug|Any CPU
		{D9AAA891-EB19-4726-ADDD-49A36F7ACC0F}.Release|Any CPU.ActiveCfg = Release|Any CPU
		{D9AAA891-EB19-4726-ADDD-49A36F7ACC0F}.Release|Any CPU.Build.0 = Release|Any CPU
		{5D4C05F1-F781-4EE6-A1A1-70E45C0E16FE}.Debug|Any CPU.ActiveCfg = Debug|Any CPU
		{5D4C05F1-F781-4EE6-A1A1-70E45C0E16FE}.Debug|Any CPU.Build.0 = Debug|Any CPU
		{5D4C05F1-F781-4EE6-A1A1-70E45C0E16FE}.Release|Any CPU.ActiveCfg = Release|Any CPU
		{5D4C05F1-F781-4EE6-A1A1-70E45C0E16FE}.Release|Any CPU.Build.0 = Release|Any CPU
		{B2D91D02-8D66-452D-832F-4A7E00CB00DC}.Debug|Any CPU.ActiveCfg = Debug|Any CPU
		{B2D91D02-8D66-452D-832F-4A7E00CB00DC}.Debug|Any CPU.Build.0 = Debug|Any CPU
		{B2D91D02-8D66-452D-832F-4A7E00CB00DC}.Release|Any CPU.ActiveCfg = Release|Any CPU
		{B2D91D02-8D66-452D-832F-4A7E00CB00DC}.Release|Any CPU.Build.0 = Release|Any CPU
		{5DE2A040-6BD7-4EF5-8003-ECD32CF6BB93}.Debug|Any CPU.ActiveCfg = Debug|Any CPU
		{5DE2A040-6BD7-4EF5-8003-ECD32CF6BB93}.Debug|Any CPU.Build.0 = Debug|Any CPU
		{5DE2A040-6BD7-4EF5-8003-ECD32CF6BB93}.Release|Any CPU.ActiveCfg = Release|Any CPU
		{5DE2A040-6BD7-4EF5-8003-ECD32CF6BB93}.Release|Any CPU.Build.0 = Release|Any CPU
		{56B8B8BD-C776-48B9-AC69-FF9E4EBA85B7}.Debug|Any CPU.ActiveCfg = Debug|Any CPU
		{56B8B8BD-C776-48B9-AC69-FF9E4EBA85B7}.Debug|Any CPU.Build.0 = Debug|Any CPU
		{56B8B8BD-C776-48B9-AC69-FF9E4EBA85B7}.Release|Any CPU.ActiveCfg = Release|Any CPU
		{56B8B8BD-C776-48B9-AC69-FF9E4EBA85B7}.Release|Any CPU.Build.0 = Release|Any CPU
		{69EDC9B1-86B1-42E9-BEB1-A97542DB729F}.Debug|Any CPU.ActiveCfg = Debug|Any CPU
		{69EDC9B1-86B1-42E9-BEB1-A97542DB729F}.Debug|Any CPU.Build.0 = Debug|Any CPU
		{69EDC9B1-86B1-42E9-BEB1-A97542DB729F}.Release|Any CPU.ActiveCfg = Release|Any CPU
		{69EDC9B1-86B1-42E9-BEB1-A97542DB729F}.Release|Any CPU.Build.0 = Release|Any CPU
		{89B54248-9F1E-4FDB-9344-943FF07F3E09}.Debug|Any CPU.ActiveCfg = Debug|Any CPU
		{89B54248-9F1E-4FDB-9344-943FF07F3E09}.Debug|Any CPU.Build.0 = Debug|Any CPU
		{89B54248-9F1E-4FDB-9344-943FF07F3E09}.Release|Any CPU.ActiveCfg = Release|Any CPU
		{89B54248-9F1E-4FDB-9344-943FF07F3E09}.Release|Any CPU.Build.0 = Release|Any CPU
		{620DE08E-9501-4FC4-AB81-12060B3D6AEA}.Debug|Any CPU.ActiveCfg = Debug|Any CPU
		{620DE08E-9501-4FC4-AB81-12060B3D6AEA}.Debug|Any CPU.Build.0 = Debug|Any CPU
		{620DE08E-9501-4FC4-AB81-12060B3D6AEA}.Release|Any CPU.ActiveCfg = Release|Any CPU
		{620DE08E-9501-4FC4-AB81-12060B3D6AEA}.Release|Any CPU.Build.0 = Release|Any CPU
		{545417DD-62B7-49CC-8333-51E0955ED87F}.Debug|Any CPU.ActiveCfg = Debug|Any CPU
		{545417DD-62B7-49CC-8333-51E0955ED87F}.Debug|Any CPU.Build.0 = Debug|Any CPU
		{545417DD-62B7-49CC-8333-51E0955ED87F}.Release|Any CPU.ActiveCfg = Release|Any CPU
		{545417DD-62B7-49CC-8333-51E0955ED87F}.Release|Any CPU.Build.0 = Release|Any CPU
		{3394FE40-922E-4F2D-AC44-726AF47C75A2}.Debug|Any CPU.ActiveCfg = Debug|Any CPU
		{3394FE40-922E-4F2D-AC44-726AF47C75A2}.Debug|Any CPU.Build.0 = Debug|Any CPU
		{3394FE40-922E-4F2D-AC44-726AF47C75A2}.Release|Any CPU.ActiveCfg = Release|Any CPU
		{3394FE40-922E-4F2D-AC44-726AF47C75A2}.Release|Any CPU.Build.0 = Release|Any CPU
		{9C0FEC75-5815-4F0D-BF2A-DE48DC05ECB0}.Debug|Any CPU.ActiveCfg = Debug|Any CPU
		{9C0FEC75-5815-4F0D-BF2A-DE48DC05ECB0}.Debug|Any CPU.Build.0 = Debug|Any CPU
		{9C0FEC75-5815-4F0D-BF2A-DE48DC05ECB0}.Release|Any CPU.ActiveCfg = Release|Any CPU
		{9C0FEC75-5815-4F0D-BF2A-DE48DC05ECB0}.Release|Any CPU.Build.0 = Release|Any CPU
		{61E00824-15AF-4022-AA7D-D2E8D658A173}.Debug|Any CPU.ActiveCfg = Debug|Any CPU
		{61E00824-15AF-4022-AA7D-D2E8D658A173}.Debug|Any CPU.Build.0 = Debug|Any CPU
		{61E00824-15AF-4022-AA7D-D2E8D658A173}.Release|Any CPU.ActiveCfg = Release|Any CPU
		{61E00824-15AF-4022-AA7D-D2E8D658A173}.Release|Any CPU.Build.0 = Release|Any CPU
		{7BE39F41-0766-4BC1-9E00-CA5BA196E22E}.Debug|Any CPU.ActiveCfg = Debug|Any CPU
		{7BE39F41-0766-4BC1-9E00-CA5BA196E22E}.Debug|Any CPU.Build.0 = Debug|Any CPU
		{7BE39F41-0766-4BC1-9E00-CA5BA196E22E}.Release|Any CPU.ActiveCfg = Release|Any CPU
		{7BE39F41-0766-4BC1-9E00-CA5BA196E22E}.Release|Any CPU.Build.0 = Release|Any CPU
		{1E8B9FAE-8DE8-4C04-B628-18ECB2CDCADA}.Debug|Any CPU.ActiveCfg = Debug|Any CPU
		{1E8B9FAE-8DE8-4C04-B628-18ECB2CDCADA}.Debug|Any CPU.Build.0 = Debug|Any CPU
		{1E8B9FAE-8DE8-4C04-B628-18ECB2CDCADA}.Release|Any CPU.ActiveCfg = Release|Any CPU
		{1E8B9FAE-8DE8-4C04-B628-18ECB2CDCADA}.Release|Any CPU.Build.0 = Release|Any CPU
		{2F39C84A-AE83-4A33-B068-9A0F3A4DA70E}.Debug|Any CPU.ActiveCfg = Debug|Any CPU
		{2F39C84A-AE83-4A33-B068-9A0F3A4DA70E}.Debug|Any CPU.Build.0 = Debug|Any CPU
		{2F39C84A-AE83-4A33-B068-9A0F3A4DA70E}.Release|Any CPU.ActiveCfg = Release|Any CPU
		{2F39C84A-AE83-4A33-B068-9A0F3A4DA70E}.Release|Any CPU.Build.0 = Release|Any CPU
		{686E36BE-DE3A-45AB-9E78-64E3BD0C87C8}.Debug|Any CPU.ActiveCfg = Debug|Any CPU
		{686E36BE-DE3A-45AB-9E78-64E3BD0C87C8}.Debug|Any CPU.Build.0 = Debug|Any CPU
		{686E36BE-DE3A-45AB-9E78-64E3BD0C87C8}.Release|Any CPU.ActiveCfg = Release|Any CPU
		{686E36BE-DE3A-45AB-9E78-64E3BD0C87C8}.Release|Any CPU.Build.0 = Release|Any CPU
		{3AE92346-E3FB-4E10-AE69-461FC5AA023E}.Debug|Any CPU.ActiveCfg = Debug|Any CPU
		{3AE92346-E3FB-4E10-AE69-461FC5AA023E}.Debug|Any CPU.Build.0 = Debug|Any CPU
		{3AE92346-E3FB-4E10-AE69-461FC5AA023E}.Release|Any CPU.ActiveCfg = Release|Any CPU
		{3AE92346-E3FB-4E10-AE69-461FC5AA023E}.Release|Any CPU.Build.0 = Release|Any CPU
		{23F0C3CB-7335-46E4-A156-FB43DFB6C344}.Debug|Any CPU.ActiveCfg = Debug|Any CPU
		{23F0C3CB-7335-46E4-A156-FB43DFB6C344}.Debug|Any CPU.Build.0 = Debug|Any CPU
		{23F0C3CB-7335-46E4-A156-FB43DFB6C344}.Release|Any CPU.ActiveCfg = Release|Any CPU
		{23F0C3CB-7335-46E4-A156-FB43DFB6C344}.Release|Any CPU.Build.0 = Release|Any CPU
		{49B27BBC-E8B6-44B8-B900-B691F876B213}.Debug|Any CPU.ActiveCfg = Debug|Any CPU
		{49B27BBC-E8B6-44B8-B900-B691F876B213}.Debug|Any CPU.Build.0 = Debug|Any CPU
		{49B27BBC-E8B6-44B8-B900-B691F876B213}.Release|Any CPU.ActiveCfg = Release|Any CPU
		{49B27BBC-E8B6-44B8-B900-B691F876B213}.Release|Any CPU.Build.0 = Release|Any CPU
	EndGlobalSection
	GlobalSection(SolutionProperties) = preSolution
		HideSolutionNode = FALSE
	EndGlobalSection
	GlobalSection(ExtensibilityGlobals) = postSolution
		SolutionGuid = {09E1D374-BC87-4235-B914-DB2783841090}
	EndGlobalSection
EndGlobal
