
Microsoft Visual Studio Solution File, Format Version 12.00
# Visual Studio 2012
Project("{FAE04EC0-301F-11D3-BF4B-00C04F79EFBC}") = "proj3-5", "proj3-5\proj3-5.csproj", "{DCBC87B3-5532-48A6-8242-A4EC94768401}"
EndProject
Global
	GlobalSection(SolutionConfigurationPlatforms) = preSolution
		Debug|Any CPU = Debug|Any CPU
		Release|Any CPU = Release|Any CPU
	EndGlobalSection
	GlobalSection(ProjectConfigurationPlatforms) = postSolution
		{DCBC87B3-5532-48A6-8242-A4EC94768401}.Debug|Any CPU.ActiveCfg = Debug|Any CPU
		{DCBC87B3-5532-48A6-8242-A4EC94768401}.Debug|Any CPU.Build.0 = Debug|Any CPU
		{DCBC87B3-5532-48A6-8242-A4EC94768401}.Release|Any CPU.ActiveCfg = Release|Any CPU
		{DCBC87B3-5532-48A6-8242-A4EC94768401}.Release|Any CPU.Build.0 = Release|Any CPU
	EndGlobalSection
	GlobalSection(SolutionProperties) = preSolution
		HideSolutionNode = FALSE
	EndGlobalSection
EndGlobal
