
Microsoft Visual Studio Solution File, Format Version 12.00
# Visual Studio 2012
Project("{FAE04EC0-301F-11D3-BF4B-00C04F79EFBC}") = "proj4-5", "proj4-5\proj4-5.csproj", "{B2028FA8-0AF7-4DFC-92EE-0F8562CACD53}"
EndProject
Global
	GlobalSection(SolutionConfigurationPlatforms) = preSolution
		Debug|Any CPU = Debug|Any CPU
		Release|Any CPU = Release|Any CPU
	EndGlobalSection
	GlobalSection(ProjectConfigurationPlatforms) = postSolution
		{B2028FA8-0AF7-4DFC-92EE-0F8562CACD53}.Debug|Any CPU.ActiveCfg = Debug|Any CPU
		{B2028FA8-0AF7-4DFC-92EE-0F8562CACD53}.Debug|Any CPU.Build.0 = Debug|Any CPU
		{B2028FA8-0AF7-4DFC-92EE-0F8562CACD53}.Release|Any CPU.ActiveCfg = Release|Any CPU
		{B2028FA8-0AF7-4DFC-92EE-0F8562CACD53}.Release|Any CPU.Build.0 = Release|Any CPU
	EndGlobalSection
	GlobalSection(SolutionProperties) = preSolution
		HideSolutionNode = FALSE
	EndGlobalSection
EndGlobal
