
Microsoft Visual Studio Solution File, Format Version 12.00
# Visual Studio 2012
Project("{FAE04EC0-301F-11D3-BF4B-00C04F79EFBC}") = "tmp", "tmp\tmp.csproj", "{799086D6-3DEB-4F72-8644-A495CFE8EEBD}"
EndProject
Global
	GlobalSection(SolutionConfigurationPlatforms) = preSolution
		Debug|Any CPU = Debug|Any CPU
		Release|Any CPU = Release|Any CPU
	EndGlobalSection
	GlobalSection(ProjectConfigurationPlatforms) = postSolution
		{799086D6-3DEB-4F72-8644-A495CFE8EEBD}.Debug|Any CPU.ActiveCfg = Debug|Any CPU
		{799086D6-3DEB-4F72-8644-A495CFE8EEBD}.Debug|Any CPU.Build.0 = Debug|Any CPU
		{799086D6-3DEB-4F72-8644-A495CFE8EEBD}.Release|Any CPU.ActiveCfg = Release|Any CPU
		{799086D6-3DEB-4F72-8644-A495CFE8EEBD}.Release|Any CPU.Build.0 = Release|Any CPU
	EndGlobalSection
	GlobalSection(SolutionProperties) = preSolution
		HideSolutionNode = FALSE
	EndGlobalSection
EndGlobal
