
Microsoft Visual Studio Solution File, Format Version 12.00
# Visual Studio 2012
Project("{FAE04EC0-301F-11D3-BF4B-00C04F79EFBC}") = "proj5-9", "proj5-9\proj5-9.csproj", "{8393C4D1-CE49-4E8C-A06C-B5559C6EE2ED}"
EndProject
Global
	GlobalSection(SolutionConfigurationPlatforms) = preSolution
		Debug|Any CPU = Debug|Any CPU
		Release|Any CPU = Release|Any CPU
	EndGlobalSection
	GlobalSection(ProjectConfigurationPlatforms) = postSolution
		{8393C4D1-CE49-4E8C-A06C-B5559C6EE2ED}.Debug|Any CPU.ActiveCfg = Debug|Any CPU
		{8393C4D1-CE49-4E8C-A06C-B5559C6EE2ED}.Debug|Any CPU.Build.0 = Debug|Any CPU
		{8393C4D1-CE49-4E8C-A06C-B5559C6EE2ED}.Release|Any CPU.ActiveCfg = Release|Any CPU
		{8393C4D1-CE49-4E8C-A06C-B5559C6EE2ED}.Release|Any CPU.Build.0 = Release|Any CPU
	EndGlobalSection
	GlobalSection(SolutionProperties) = preSolution
		HideSolutionNode = FALSE
	EndGlobalSection
EndGlobal
