
Microsoft Visual Studio Solution File, Format Version 12.00
# Visual Studio 2012
Project("{FAE04EC0-301F-11D3-BF4B-00C04F79EFBC}") = "proj3-3", "proj3-3\proj3-3.csproj", "{92A23532-0013-47AF-8475-B522C2F821BB}"
EndProject
Global
	GlobalSection(SolutionConfigurationPlatforms) = preSolution
		Debug|Any CPU = Debug|Any CPU
		Release|Any CPU = Release|Any CPU
	EndGlobalSection
	GlobalSection(ProjectConfigurationPlatforms) = postSolution
		{92A23532-0013-47AF-8475-B522C2F821BB}.Debug|Any CPU.ActiveCfg = Debug|Any CPU
		{92A23532-0013-47AF-8475-B522C2F821BB}.Debug|Any CPU.Build.0 = Debug|Any CPU
		{92A23532-0013-47AF-8475-B522C2F821BB}.Release|Any CPU.ActiveCfg = Release|Any CPU
		{92A23532-0013-47AF-8475-B522C2F821BB}.Release|Any CPU.Build.0 = Release|Any CPU
	EndGlobalSection
	GlobalSection(SolutionProperties) = preSolution
		HideSolutionNode = FALSE
	EndGlobalSection
EndGlobal
