
Microsoft Visual Studio Solution File, Format Version 12.00
# Visual Studio 2012
Project("{FAE04EC0-301F-11D3-BF4B-00C04F79EFBC}") = "proj5-1", "proj5-1\proj5-1.csproj", "{A85ED2FD-AF4C-4092-BB4D-6957C99BBF1E}"
EndProject
Global
	GlobalSection(SolutionConfigurationPlatforms) = preSolution
		Debug|Any CPU = Debug|Any CPU
		Release|Any CPU = Release|Any CPU
	EndGlobalSection
	GlobalSection(ProjectConfigurationPlatforms) = postSolution
		{A85ED2FD-AF4C-4092-BB4D-6957C99BBF1E}.Debug|Any CPU.ActiveCfg = Debug|Any CPU
		{A85ED2FD-AF4C-4092-BB4D-6957C99BBF1E}.Debug|Any CPU.Build.0 = Debug|Any CPU
		{A85ED2FD-AF4C-4092-BB4D-6957C99BBF1E}.Release|Any CPU.ActiveCfg = Release|Any CPU
		{A85ED2FD-AF4C-4092-BB4D-6957C99BBF1E}.Release|Any CPU.Build.0 = Release|Any CPU
	EndGlobalSection
	GlobalSection(SolutionProperties) = preSolution
		HideSolutionNode = FALSE
	EndGlobalSection
EndGlobal
