
Microsoft Visual Studio Solution File, Format Version 12.00
# Visual Studio 2012
Project("{FAE04EC0-301F-11D3-BF4B-00C04F79EFBC}") = "proj8-5", "proj8-5\proj8-5.csproj", "{18D21D0F-0FDA-4449-BEA3-239D83EF4333}"
EndProject
Global
	GlobalSection(SolutionConfigurationPlatforms) = preSolution
		Debug|Any CPU = Debug|Any CPU
		Release|Any CPU = Release|Any CPU
	EndGlobalSection
	GlobalSection(ProjectConfigurationPlatforms) = postSolution
		{18D21D0F-0FDA-4449-BEA3-239D83EF4333}.Debug|Any CPU.ActiveCfg = Debug|Any CPU
		{18D21D0F-0FDA-4449-BEA3-239D83EF4333}.Debug|Any CPU.Build.0 = Debug|Any CPU
		{18D21D0F-0FDA-4449-BEA3-239D83EF4333}.Release|Any CPU.ActiveCfg = Release|Any CPU
		{18D21D0F-0FDA-4449-BEA3-239D83EF4333}.Release|Any CPU.Build.0 = Release|Any CPU
	EndGlobalSection
	GlobalSection(SolutionProperties) = preSolution
		HideSolutionNode = FALSE
	EndGlobalSection
EndGlobal
