
Microsoft Visual Studio Solution File, Format Version 12.00
# Visual Studio 2012
Project("{FAE04EC0-301F-11D3-BF4B-00C04F79EFBC}") = "proj16-1", "proj16-1\proj16-1.csproj", "{10982F90-73AD-462D-9ADA-0FCC692F715A}"
EndProject
Global
	GlobalSection(SolutionConfigurationPlatforms) = preSolution
		Debug|Any CPU = Debug|Any CPU
		Release|Any CPU = Release|Any CPU
	EndGlobalSection
	GlobalSection(ProjectConfigurationPlatforms) = postSolution
		{10982F90-73AD-462D-9ADA-0FCC692F715A}.Debug|Any CPU.ActiveCfg = Debug|Any CPU
		{10982F90-73AD-462D-9ADA-0FCC692F715A}.Debug|Any CPU.Build.0 = Debug|Any CPU
		{10982F90-73AD-462D-9ADA-0FCC692F715A}.Release|Any CPU.ActiveCfg = Release|Any CPU
		{10982F90-73AD-462D-9ADA-0FCC692F715A}.Release|Any CPU.Build.0 = Release|Any CPU
	EndGlobalSection
	GlobalSection(SolutionProperties) = preSolution
		HideSolutionNode = FALSE
	EndGlobalSection
EndGlobal
