
Microsoft Visual Studio Solution File, Format Version 12.00
# Visual Studio 2012
Project("{FAE04EC0-301F-11D3-BF4B-00C04F79EFBC}") = "proj6-14", "proj6-14\proj6-14.csproj", "{BA31271F-A672-425B-BB17-9A51345A33E9}"
EndProject
Global
	GlobalSection(SolutionConfigurationPlatforms) = preSolution
		Debug|Any CPU = Debug|Any CPU
		Release|Any CPU = Release|Any CPU
	EndGlobalSection
	GlobalSection(ProjectConfigurationPlatforms) = postSolution
		{BA31271F-A672-425B-BB17-9A51345A33E9}.Debug|Any CPU.ActiveCfg = Debug|Any CPU
		{BA31271F-A672-425B-BB17-9A51345A33E9}.Debug|Any CPU.Build.0 = Debug|Any CPU
		{BA31271F-A672-425B-BB17-9A51345A33E9}.Release|Any CPU.ActiveCfg = Release|Any CPU
		{BA31271F-A672-425B-BB17-9A51345A33E9}.Release|Any CPU.Build.0 = Release|Any CPU
	EndGlobalSection
	GlobalSection(SolutionProperties) = preSolution
		HideSolutionNode = FALSE
	EndGlobalSection
EndGlobal
